
Microsoft Visual Studio Solution File, Format Version 12.00
# Visual Studio Version 16
VisualStudioVersion = 16.0.29209.62
MinimumVisualStudioVersion = 10.0.40219.1
Project("{FAE04EC0-301F-11D3-BF4B-00C04F79EFBC}") = "ReferenceAssemblyGenerator", "ReferenceAssemblyGenerator.CLI.csproj", "{3200A207-6EC0-4DE6-BF04-58BBD997E9E2}"
EndProject
Global
	GlobalSection(SolutionConfigurationPlatforms) = preSolution
		Debug|Any CPU = Debug|Any CPU
		Release|Any CPU = Release|Any CPU
	EndGlobalSection
	GlobalSection(ProjectConfigurationPlatforms) = postSolution
		{3200A207-6EC0-4DE6-BF04-58BBD997E9E2}.Debug|Any CPU.ActiveCfg = Debug|Any CPU
		{3200A207-6EC0-4DE6-BF04-58BBD997E9E2}.Debug|Any CPU.Build.0 = Debug|Any CPU
		{3200A207-6EC0-4DE6-BF04-58BBD997E9E2}.Release|Any CPU.ActiveCfg = Release|Any CPU
		{3200A207-6EC0-4DE6-BF04-58BBD997E9E2}.Release|Any CPU.Build.0 = Release|Any CPU
	EndGlobalSection
	GlobalSection(SolutionProperties) = preSolution
		HideSolutionNode = FALSE
	EndGlobalSection
	GlobalSection(ExtensibilityGlobals) = postSolution
		SolutionGuid = {8CC88E2C-AEFA-4D30-B2A4-890A59C94A90}
	EndGlobalSection
EndGlobal
